// !$*UTF8*$!
{
	archiveVersion = 1;
	classes = {
	};
	objectVersion = 50;
	objects = {

/* Begin PBXBuildFile section */
		8682846C255377E300DF970B /* BrowseMoviesViewController.swift in Sources */ = {isa = PBXBuildFile; fileRef = 8682846B255377E300DF970B /* BrowseMoviesViewController.swift */; };
		868284712553796300DF970B /* SearchMoviesViewController.swift in Sources */ = {isa = PBXBuildFile; fileRef = 868284702553796300DF970B /* SearchMoviesViewController.swift */; };
		868284762553797400DF970B /* SavedMoviesViewController.swift in Sources */ = {isa = PBXBuildFile; fileRef = 868284752553797400DF970B /* SavedMoviesViewController.swift */; };
		8682847B2553799800DF970B /* MovieDetailViewController.swift in Sources */ = {isa = PBXBuildFile; fileRef = 8682847A2553799800DF970B /* MovieDetailViewController.swift */; };
		8682848825537B4300DF970B /* BrowseMovies.storyboard in Resources */ = {isa = PBXBuildFile; fileRef = 8682848725537B4300DF970B /* BrowseMovies.storyboard */; };
		8682848E25537F2500DF970B /* MovieTableViewCell.swift in Sources */ = {isa = PBXBuildFile; fileRef = 8682848D25537F2500DF970B /* MovieTableViewCell.swift */; };
		8682849C2553857300DF970B /* MovieController.swift in Sources */ = {isa = PBXBuildFile; fileRef = 8682849B2553857300DF970B /* MovieController.swift */; };
		868284A12553887D00DF970B /* Film.swift in Sources */ = {isa = PBXBuildFile; fileRef = 868284A02553887D00DF970B /* Film.swift */; };
		868284B52553C1E300DF970B /* Roboto-Light.ttf in Resources */ = {isa = PBXBuildFile; fileRef = 868284B02553C1E300DF970B /* Roboto-Light.ttf */; };
		868284B62553C1E300DF970B /* Roboto-Black.ttf in Resources */ = {isa = PBXBuildFile; fileRef = 868284B12553C1E300DF970B /* Roboto-Black.ttf */; };
		868284B72553C1E300DF970B /* Roboto-Bold.ttf in Resources */ = {isa = PBXBuildFile; fileRef = 868284B22553C1E300DF970B /* Roboto-Bold.ttf */; };
		868284B82553C1E300DF970B /* Roboto-Medium.ttf in Resources */ = {isa = PBXBuildFile; fileRef = 868284B32553C1E300DF970B /* Roboto-Medium.ttf */; };
		868284B92553C1E300DF970B /* Roboto-Regular.ttf in Resources */ = {isa = PBXBuildFile; fileRef = 868284B42553C1E300DF970B /* Roboto-Regular.ttf */; };
		868284BF2553C26100DF970B /* Text.swift in Sources */ = {isa = PBXBuildFile; fileRef = 868284BE2553C26100DF970B /* Text.swift */; };
		86855B9725536C8D002809D1 /* AppDelegate.swift in Sources */ = {isa = PBXBuildFile; fileRef = 86855B9625536C8D002809D1 /* AppDelegate.swift */; };
		86855B9E25536C8D002809D1 /* Main.storyboard in Resources */ = {isa = PBXBuildFile; fileRef = 86855B9C25536C8D002809D1 /* Main.storyboard */; };
		86855BA025536C8E002809D1 /* Assets.xcassets in Resources */ = {isa = PBXBuildFile; fileRef = 86855B9F25536C8E002809D1 /* Assets.xcassets */; };
		86855BA325536C8E002809D1 /* LaunchScreen.storyboard in Resources */ = {isa = PBXBuildFile; fileRef = 86855BA125536C8E002809D1 /* LaunchScreen.storyboard */; };
		86855BAE25536C8E002809D1 /* Movie_DatabaseTests.swift in Sources */ = {isa = PBXBuildFile; fileRef = 86855BAD25536C8E002809D1 /* Movie_DatabaseTests.swift */; };
		86855BB925536C8E002809D1 /* Movie_DatabaseUITests.swift in Sources */ = {isa = PBXBuildFile; fileRef = 86855BB825536C8E002809D1 /* Movie_DatabaseUITests.swift */; };
		86855BEC255372F7002809D1 /* SearchMovies.storyboard in Resources */ = {isa = PBXBuildFile; fileRef = 86855BEB255372F7002809D1 /* SearchMovies.storyboard */; };
		86855BF125537328002809D1 /* SavedMovies.storyboard in Resources */ = {isa = PBXBuildFile; fileRef = 86855BF025537328002809D1 /* SavedMovies.storyboard */; };
		86855BF92553743E002809D1 /* MovieDetail.storyboard in Resources */ = {isa = PBXBuildFile; fileRef = 86855BF82553743E002809D1 /* MovieDetail.storyboard */; };
/* End PBXBuildFile section */

/* Begin PBXContainerItemProxy section */
		86855BAA25536C8E002809D1 /* PBXContainerItemProxy */ = {
			isa = PBXContainerItemProxy;
			containerPortal = 86855B8B25536C8D002809D1 /* Project object */;
			proxyType = 1;
			remoteGlobalIDString = 86855B9225536C8D002809D1;
			remoteInfo = "Movie Database";
		};
		86855BB525536C8E002809D1 /* PBXContainerItemProxy */ = {
			isa = PBXContainerItemProxy;
			containerPortal = 86855B8B25536C8D002809D1 /* Project object */;
			proxyType = 1;
			remoteGlobalIDString = 86855B9225536C8D002809D1;
			remoteInfo = "Movie Database";
		};
/* End PBXContainerItemProxy section */

/* Begin PBXFileReference section */
		8682846B255377E300DF970B /* BrowseMoviesViewController.swift */ = {isa = PBXFileReference; lastKnownFileType = sourcecode.swift; path = BrowseMoviesViewController.swift; sourceTree = "<group>"; };
		868284702553796300DF970B /* SearchMoviesViewController.swift */ = {isa = PBXFileReference; lastKnownFileType = sourcecode.swift; path = SearchMoviesViewController.swift; sourceTree = "<group>"; };
		868284752553797400DF970B /* SavedMoviesViewController.swift */ = {isa = PBXFileReference; lastKnownFileType = sourcecode.swift; path = SavedMoviesViewController.swift; sourceTree = "<group>"; };
		8682847A2553799800DF970B /* MovieDetailViewController.swift */ = {isa = PBXFileReference; lastKnownFileType = sourcecode.swift; path = MovieDetailViewController.swift; sourceTree = "<group>"; };
		8682848725537B4300DF970B /* BrowseMovies.storyboard */ = {isa = PBXFileReference; lastKnownFileType = file.storyboard; path = BrowseMovies.storyboard; sourceTree = "<group>"; };
		8682848D25537F2500DF970B /* MovieTableViewCell.swift */ = {isa = PBXFileReference; lastKnownFileType = sourcecode.swift; path = MovieTableViewCell.swift; sourceTree = "<group>"; };
		8682849B2553857300DF970B /* MovieController.swift */ = {isa = PBXFileReference; lastKnownFileType = sourcecode.swift; path = MovieController.swift; sourceTree = "<group>"; };
		868284A02553887D00DF970B /* Film.swift */ = {isa = PBXFileReference; lastKnownFileType = sourcecode.swift; path = Film.swift; sourceTree = "<group>"; };
		868284B02553C1E300DF970B /* Roboto-Light.ttf */ = {isa = PBXFileReference; lastKnownFileType = file; path = "Roboto-Light.ttf"; sourceTree = "<group>"; };
		868284B12553C1E300DF970B /* Roboto-Black.ttf */ = {isa = PBXFileReference; lastKnownFileType = file; path = "Roboto-Black.ttf"; sourceTree = "<group>"; };
		868284B22553C1E300DF970B /* Roboto-Bold.ttf */ = {isa = PBXFileReference; lastKnownFileType = file; path = "Roboto-Bold.ttf"; sourceTree = "<group>"; };
		868284B32553C1E300DF970B /* Roboto-Medium.ttf */ = {isa = PBXFileReference; lastKnownFileType = file; path = "Roboto-Medium.ttf"; sourceTree = "<group>"; };
		868284B42553C1E300DF970B /* Roboto-Regular.ttf */ = {isa = PBXFileReference; lastKnownFileType = file; path = "Roboto-Regular.ttf"; sourceTree = "<group>"; };
		868284BE2553C26100DF970B /* Text.swift */ = {isa = PBXFileReference; lastKnownFileType = sourcecode.swift; path = Text.swift; sourceTree = "<group>"; };
		86855B9325536C8D002809D1 /* Movie Database.app */ = {isa = PBXFileReference; explicitFileType = wrapper.application; includeInIndex = 0; path = "Movie Database.app"; sourceTree = BUILT_PRODUCTS_DIR; };
		86855B9625536C8D002809D1 /* AppDelegate.swift */ = {isa = PBXFileReference; lastKnownFileType = sourcecode.swift; path = AppDelegate.swift; sourceTree = "<group>"; };
		86855B9D25536C8D002809D1 /* Base */ = {isa = PBXFileReference; lastKnownFileType = file.storyboard; name = Base; path = Base.lproj/Main.storyboard; sourceTree = "<group>"; };
		86855B9F25536C8E002809D1 /* Assets.xcassets */ = {isa = PBXFileReference; lastKnownFileType = folder.assetcatalog; path = Assets.xcassets; sourceTree = "<group>"; };
		86855BA225536C8E002809D1 /* Base */ = {isa = PBXFileReference; lastKnownFileType = file.storyboard; name = Base; path = Base.lproj/LaunchScreen.storyboard; sourceTree = "<group>"; };
		86855BA425536C8E002809D1 /* Info.plist */ = {isa = PBXFileReference; lastKnownFileType = text.plist.xml; path = Info.plist; sourceTree = "<group>"; };
		86855BA925536C8E002809D1 /* Movie DatabaseTests.xctest */ = {isa = PBXFileReference; explicitFileType = wrapper.cfbundle; includeInIndex = 0; path = "Movie DatabaseTests.xctest"; sourceTree = BUILT_PRODUCTS_DIR; };
		86855BAD25536C8E002809D1 /* Movie_DatabaseTests.swift */ = {isa = PBXFileReference; lastKnownFileType = sourcecode.swift; path = Movie_DatabaseTests.swift; sourceTree = "<group>"; };
		86855BAF25536C8E002809D1 /* Info.plist */ = {isa = PBXFileReference; lastKnownFileType = text.plist.xml; path = Info.plist; sourceTree = "<group>"; };
		86855BB425536C8E002809D1 /* Movie DatabaseUITests.xctest */ = {isa = PBXFileReference; explicitFileType = wrapper.cfbundle; includeInIndex = 0; path = "Movie DatabaseUITests.xctest"; sourceTree = BUILT_PRODUCTS_DIR; };
		86855BB825536C8E002809D1 /* Movie_DatabaseUITests.swift */ = {isa = PBXFileReference; lastKnownFileType = sourcecode.swift; path = Movie_DatabaseUITests.swift; sourceTree = "<group>"; };
		86855BBA25536C8E002809D1 /* Info.plist */ = {isa = PBXFileReference; lastKnownFileType = text.plist.xml; path = Info.plist; sourceTree = "<group>"; };
		86855BEB255372F7002809D1 /* SearchMovies.storyboard */ = {isa = PBXFileReference; lastKnownFileType = file.storyboard; path = SearchMovies.storyboard; sourceTree = "<group>"; };
		86855BF025537328002809D1 /* SavedMovies.storyboard */ = {isa = PBXFileReference; lastKnownFileType = file.storyboard; path = SavedMovies.storyboard; sourceTree = "<group>"; };
		86855BF82553743E002809D1 /* MovieDetail.storyboard */ = {isa = PBXFileReference; lastKnownFileType = file.storyboard; path = MovieDetail.storyboard; sourceTree = "<group>"; };
/* End PBXFileReference section */

/* Begin PBXFrameworksBuildPhase section */
		86855B9025536C8D002809D1 /* Frameworks */ = {
			isa = PBXFrameworksBuildPhase;
			buildActionMask = 2147483647;
			files = (
			);
			runOnlyForDeploymentPostprocessing = 0;
		};
		86855BA625536C8E002809D1 /* Frameworks */ = {
			isa = PBXFrameworksBuildPhase;
			buildActionMask = 2147483647;
			files = (
			);
			runOnlyForDeploymentPostprocessing = 0;
		};
		86855BB125536C8E002809D1 /* Frameworks */ = {
			isa = PBXFrameworksBuildPhase;
			buildActionMask = 2147483647;
			files = (
			);
			runOnlyForDeploymentPostprocessing = 0;
		};
/* End PBXFrameworksBuildPhase section */

/* Begin PBXGroup section */
		8682848C25537F1600DF970B /* Cells */ = {
			isa = PBXGroup;
			children = (
				8682848D25537F2500DF970B /* MovieTableViewCell.swift */,
			);
			path = Cells;
			sourceTree = "<group>";
		};
		868284AF2553C1B600DF970B /* Fonts */ = {
			isa = PBXGroup;
			children = (
				868284B12553C1E300DF970B /* Roboto-Black.ttf */,
				868284B22553C1E300DF970B /* Roboto-Bold.ttf */,
				868284B02553C1E300DF970B /* Roboto-Light.ttf */,
				868284B32553C1E300DF970B /* Roboto-Medium.ttf */,
				868284B42553C1E300DF970B /* Roboto-Regular.ttf */,
			);
			path = Fonts;
			sourceTree = "<group>";
		};
		868284BD2553C25600DF970B /* Helpers */ = {
			isa = PBXGroup;
			children = (
				868284BE2553C26100DF970B /* Text.swift */,
			);
			path = Helpers;
			sourceTree = "<group>";
		};
		86855B8A25536C8D002809D1 = {
			isa = PBXGroup;
			children = (
				86855B9525536C8D002809D1 /* Movie Database */,
				86855BAC25536C8E002809D1 /* Movie DatabaseTests */,
				86855BB725536C8E002809D1 /* Movie DatabaseUITests */,
				86855B9425536C8D002809D1 /* Products */,
			);
			sourceTree = "<group>";
		};
		86855B9425536C8D002809D1 /* Products */ = {
			isa = PBXGroup;
			children = (
				86855B9325536C8D002809D1 /* Movie Database.app */,
				86855BA925536C8E002809D1 /* Movie DatabaseTests.xctest */,
				86855BB425536C8E002809D1 /* Movie DatabaseUITests.xctest */,
			);
			name = Products;
			sourceTree = "<group>";
		};
		86855B9525536C8D002809D1 /* Movie Database */ = {
			isa = PBXGroup;
			children = (
				86855BCC25536D97002809D1 /* Storyboards */,
				86855BD125536DA9002809D1 /* View Controllers */,
				86855BD625536DBA002809D1 /* Model Controllers */,
				86855BD525536DB3002809D1 /* Models */,
				868284BD2553C25600DF970B /* Helpers */,
				86855BCD25536DA2002809D1 /* Resources */,
			);
			path = "Movie Database";
			sourceTree = "<group>";
		};
		86855BAC25536C8E002809D1 /* Movie DatabaseTests */ = {
			isa = PBXGroup;
			children = (
				86855BAD25536C8E002809D1 /* Movie_DatabaseTests.swift */,
				86855BAF25536C8E002809D1 /* Info.plist */,
			);
			path = "Movie DatabaseTests";
			sourceTree = "<group>";
		};
		86855BB725536C8E002809D1 /* Movie DatabaseUITests */ = {
			isa = PBXGroup;
			children = (
				86855BB825536C8E002809D1 /* Movie_DatabaseUITests.swift */,
				86855BBA25536C8E002809D1 /* Info.plist */,
			);
			path = "Movie DatabaseUITests";
			sourceTree = "<group>";
		};
		86855BCC25536D97002809D1 /* Storyboards */ = {
			isa = PBXGroup;
			children = (
				86855BA125536C8E002809D1 /* LaunchScreen.storyboard */,
				86855B9C25536C8D002809D1 /* Main.storyboard */,
				86855BEB255372F7002809D1 /* SearchMovies.storyboard */,
				86855BF025537328002809D1 /* SavedMovies.storyboard */,
				86855BF82553743E002809D1 /* MovieDetail.storyboard */,
				8682848725537B4300DF970B /* BrowseMovies.storyboard */,
			);
			path = Storyboards;
			sourceTree = "<group>";
		};
		86855BCD25536DA2002809D1 /* Resources */ = {
			isa = PBXGroup;
			children = (
				868284AF2553C1B600DF970B /* Fonts */,
				86855B9625536C8D002809D1 /* AppDelegate.swift */,
				86855B9F25536C8E002809D1 /* Assets.xcassets */,
				86855BA425536C8E002809D1 /* Info.plist */,
			);
			path = Resources;
			sourceTree = "<group>";
		};
		86855BD125536DA9002809D1 /* View Controllers */ = {
			isa = PBXGroup;
			children = (
				8682848C25537F1600DF970B /* Cells */,
				8682846B255377E300DF970B /* BrowseMoviesViewController.swift */,
				868284702553796300DF970B /* SearchMoviesViewController.swift */,
				868284752553797400DF970B /* SavedMoviesViewController.swift */,
				8682847A2553799800DF970B /* MovieDetailViewController.swift */,
			);
			path = "View Controllers";
			sourceTree = "<group>";
		};
		86855BD525536DB3002809D1 /* Models */ = {
			isa = PBXGroup;
			children = (
				868284A02553887D00DF970B /* Film.swift */,
			);
			path = Models;
			sourceTree = "<group>";
		};
		86855BD625536DBA002809D1 /* Model Controllers */ = {
			isa = PBXGroup;
			children = (
				8682849B2553857300DF970B /* MovieController.swift */,
			);
			path = "Model Controllers";
			sourceTree = "<group>";
		};
/* End PBXGroup section */

/* Begin PBXNativeTarget section */
		86855B9225536C8D002809D1 /* Movie Database */ = {
			isa = PBXNativeTarget;
			buildConfigurationList = 86855BBD25536C8E002809D1 /* Build configuration list for PBXNativeTarget "Movie Database" */;
			buildPhases = (
				86855B8F25536C8D002809D1 /* Sources */,
				86855B9025536C8D002809D1 /* Frameworks */,
				86855B9125536C8D002809D1 /* Resources */,
			);
			buildRules = (
			);
			dependencies = (
			);
			name = "Movie Database";
			productName = "Movie Database";
			productReference = 86855B9325536C8D002809D1 /* Movie Database.app */;
			productType = "com.apple.product-type.application";
		};
		86855BA825536C8E002809D1 /* Movie DatabaseTests */ = {
			isa = PBXNativeTarget;
			buildConfigurationList = 86855BC025536C8E002809D1 /* Build configuration list for PBXNativeTarget "Movie DatabaseTests" */;
			buildPhases = (
				86855BA525536C8E002809D1 /* Sources */,
				86855BA625536C8E002809D1 /* Frameworks */,
				86855BA725536C8E002809D1 /* Resources */,
			);
			buildRules = (
			);
			dependencies = (
				86855BAB25536C8E002809D1 /* PBXTargetDependency */,
			);
			name = "Movie DatabaseTests";
			productName = "Movie DatabaseTests";
			productReference = 86855BA925536C8E002809D1 /* Movie DatabaseTests.xctest */;
			productType = "com.apple.product-type.bundle.unit-test";
		};
		86855BB325536C8E002809D1 /* Movie DatabaseUITests */ = {
			isa = PBXNativeTarget;
			buildConfigurationList = 86855BC325536C8E002809D1 /* Build configuration list for PBXNativeTarget "Movie DatabaseUITests" */;
			buildPhases = (
				86855BB025536C8E002809D1 /* Sources */,
				86855BB125536C8E002809D1 /* Frameworks */,
				86855BB225536C8E002809D1 /* Resources */,
			);
			buildRules = (
			);
			dependencies = (
				86855BB625536C8E002809D1 /* PBXTargetDependency */,
			);
			name = "Movie DatabaseUITests";
			productName = "Movie DatabaseUITests";
			productReference = 86855BB425536C8E002809D1 /* Movie DatabaseUITests.xctest */;
			productType = "com.apple.product-type.bundle.ui-testing";
		};
/* End PBXNativeTarget section */

/* Begin PBXProject section */
		86855B8B25536C8D002809D1 /* Project object */ = {
			isa = PBXProject;
			attributes = {
				LastSwiftUpdateCheck = 1210;
				LastUpgradeCheck = 1210;
				TargetAttributes = {
					86855B9225536C8D002809D1 = {
						CreatedOnToolsVersion = 12.1;
					};
					86855BA825536C8E002809D1 = {
						CreatedOnToolsVersion = 12.1;
						TestTargetID = 86855B9225536C8D002809D1;
					};
					86855BB325536C8E002809D1 = {
						CreatedOnToolsVersion = 12.1;
						TestTargetID = 86855B9225536C8D002809D1;
					};
				};
			};
			buildConfigurationList = 86855B8E25536C8D002809D1 /* Build configuration list for PBXProject "Movie Database" */;
			compatibilityVersion = "Xcode 9.3";
			developmentRegion = en;
			hasScannedForEncodings = 0;
			knownRegions = (
				en,
				Base,
			);
			mainGroup = 86855B8A25536C8D002809D1;
			productRefGroup = 86855B9425536C8D002809D1 /* Products */;
			projectDirPath = "";
			projectRoot = "";
			targets = (
				86855B9225536C8D002809D1 /* Movie Database */,
				86855BA825536C8E002809D1 /* Movie DatabaseTests */,
				86855BB325536C8E002809D1 /* Movie DatabaseUITests */,
			);
		};
/* End PBXProject section */

/* Begin PBXResourcesBuildPhase section */
		86855B9125536C8D002809D1 /* Resources */ = {
			isa = PBXResourcesBuildPhase;
			buildActionMask = 2147483647;
			files = (
				86855BEC255372F7002809D1 /* SearchMovies.storyboard in Resources */,
				86855BF125537328002809D1 /* SavedMovies.storyboard in Resources */,
				868284B72553C1E300DF970B /* Roboto-Bold.ttf in Resources */,
				8682848825537B4300DF970B /* BrowseMovies.storyboard in Resources */,
				86855BA325536C8E002809D1 /* LaunchScreen.storyboard in Resources */,
				86855BA025536C8E002809D1 /* Assets.xcassets in Resources */,
				868284B92553C1E300DF970B /* Roboto-Regular.ttf in Resources */,
				868284B62553C1E300DF970B /* Roboto-Black.ttf in Resources */,
				86855BF92553743E002809D1 /* MovieDetail.storyboard in Resources */,
				868284B82553C1E300DF970B /* Roboto-Medium.ttf in Resources */,
				868284B52553C1E300DF970B /* Roboto-Light.ttf in Resources */,
				86855B9E25536C8D002809D1 /* Main.storyboard in Resources */,
			);
			runOnlyForDeploymentPostprocessing = 0;
		};
		86855BA725536C8E002809D1 /* Resources */ = {
			isa = PBXResourcesBuildPhase;
			buildActionMask = 2147483647;
			files = (
			);
			runOnlyForDeploymentPostprocessing = 0;
		};
		86855BB225536C8E002809D1 /* Resources */ = {
			isa = PBXResourcesBuildPhase;
			buildActionMask = 2147483647;
			files = (
			);
			runOnlyForDeploymentPostprocessing = 0;
		};
/* End PBXResourcesBuildPhase section */

/* Begin PBXSourcesBuildPhase section */
		86855B8F25536C8D002809D1 /* Sources */ = {
			isa = PBXSourcesBuildPhase;
			buildActionMask = 2147483647;
			files = (
				8682846C255377E300DF970B /* BrowseMoviesViewController.swift in Sources */,
				8682847B2553799800DF970B /* MovieDetailViewController.swift in Sources */,
				8682848E25537F2500DF970B /* MovieTableViewCell.swift in Sources */,
				868284712553796300DF970B /* SearchMoviesViewController.swift in Sources */,
				868284BF2553C26100DF970B /* Text.swift in Sources */,
				86855B9725536C8D002809D1 /* AppDelegate.swift in Sources */,
				8682849C2553857300DF970B /* MovieController.swift in Sources */,
				868284A12553887D00DF970B /* Film.swift in Sources */,
				868284762553797400DF970B /* SavedMoviesViewController.swift in Sources */,
			);
			runOnlyForDeploymentPostprocessing = 0;
		};
		86855BA525536C8E002809D1 /* Sources */ = {
			isa = PBXSourcesBuildPhase;
			buildActionMask = 2147483647;
			files = (
				86855BAE25536C8E002809D1 /* Movie_DatabaseTests.swift in Sources */,
			);
			runOnlyForDeploymentPostprocessing = 0;
		};
		86855BB025536C8E002809D1 /* Sources */ = {
			isa = PBXSourcesBuildPhase;
			buildActionMask = 2147483647;
			files = (
				86855BB925536C8E002809D1 /* Movie_DatabaseUITests.swift in Sources */,
			);
			runOnlyForDeploymentPostprocessing = 0;
		};
/* End PBXSourcesBuildPhase section */

/* Begin PBXTargetDependency section */
		86855BAB25536C8E002809D1 /* PBXTargetDependency */ = {
			isa = PBXTargetDependency;
			target = 86855B9225536C8D002809D1 /* Movie Database */;
			targetProxy = 86855BAA25536C8E002809D1 /* PBXContainerItemProxy */;
		};
		86855BB625536C8E002809D1 /* PBXTargetDependency */ = {
			isa = PBXTargetDependency;
			target = 86855B9225536C8D002809D1 /* Movie Database */;
			targetProxy = 86855BB525536C8E002809D1 /* PBXContainerItemProxy */;
		};
/* End PBXTargetDependency section */

/* Begin PBXVariantGroup section */
		86855B9C25536C8D002809D1 /* Main.storyboard */ = {
			isa = PBXVariantGroup;
			children = (
				86855B9D25536C8D002809D1 /* Base */,
			);
			name = Main.storyboard;
			sourceTree = "<group>";
		};
		86855BA125536C8E002809D1 /* LaunchScreen.storyboard */ = {
			isa = PBXVariantGroup;
			children = (
				86855BA225536C8E002809D1 /* Base */,
			);
			name = LaunchScreen.storyboard;
			sourceTree = "<group>";
		};
/* End PBXVariantGroup section */

/* Begin XCBuildConfiguration section */
		86855BBB25536C8E002809D1 /* Debug */ = {
			isa = XCBuildConfiguration;
			buildSettings = {
				ALWAYS_SEARCH_USER_PATHS = NO;
				CLANG_ANALYZER_NONNULL = YES;
				CLANG_ANALYZER_NUMBER_OBJECT_CONVERSION = YES_AGGRESSIVE;
				CLANG_CXX_LANGUAGE_STANDARD = "gnu++14";
				CLANG_CXX_LIBRARY = "libc++";
				CLANG_ENABLE_MODULES = YES;
				CLANG_ENABLE_OBJC_ARC = YES;
				CLANG_ENABLE_OBJC_WEAK = YES;
				CLANG_WARN_BLOCK_CAPTURE_AUTORELEASING = YES;
				CLANG_WARN_BOOL_CONVERSION = YES;
				CLANG_WARN_COMMA = YES;
				CLANG_WARN_CONSTANT_CONVERSION = YES;
				CLANG_WARN_DEPRECATED_OBJC_IMPLEMENTATIONS = YES;
				CLANG_WARN_DIRECT_OBJC_ISA_USAGE = YES_ERROR;
				CLANG_WARN_DOCUMENTATION_COMMENTS = YES;
				CLANG_WARN_EMPTY_BODY = YES;
				CLANG_WARN_ENUM_CONVERSION = YES;
				CLANG_WARN_INFINITE_RECURSION = YES;
				CLANG_WARN_INT_CONVERSION = YES;
				CLANG_WARN_NON_LITERAL_NULL_CONVERSION = YES;
				CLANG_WARN_OBJC_IMPLICIT_RETAIN_SELF = YES;
				CLANG_WARN_OBJC_LITERAL_CONVERSION = YES;
				CLANG_WARN_OBJC_ROOT_CLASS = YES_ERROR;
				CLANG_WARN_QUOTED_INCLUDE_IN_FRAMEWORK_HEADER = YES;
				CLANG_WARN_RANGE_LOOP_ANALYSIS = YES;
				CLANG_WARN_STRICT_PROTOTYPES = YES;
				CLANG_WARN_SUSPICIOUS_MOVE = YES;
				CLANG_WARN_UNGUARDED_AVAILABILITY = YES_AGGRESSIVE;
				CLANG_WARN_UNREACHABLE_CODE = YES;
				CLANG_WARN__DUPLICATE_METHOD_MATCH = YES;
				COPY_PHASE_STRIP = NO;
				DEBUG_INFORMATION_FORMAT = dwarf;
				ENABLE_STRICT_OBJC_MSGSEND = YES;
				ENABLE_TESTABILITY = YES;
				GCC_C_LANGUAGE_STANDARD = gnu11;
				GCC_DYNAMIC_NO_PIC = NO;
				GCC_NO_COMMON_BLOCKS = YES;
				GCC_OPTIMIZATION_LEVEL = 0;
				GCC_PREPROCESSOR_DEFINITIONS = (
					"DEBUG=1",
					"$(inherited)",
				);
				GCC_WARN_64_TO_32_BIT_CONVERSION = YES;
				GCC_WARN_ABOUT_RETURN_TYPE = YES_ERROR;
				GCC_WARN_UNDECLARED_SELECTOR = YES;
				GCC_WARN_UNINITIALIZED_AUTOS = YES_AGGRESSIVE;
				GCC_WARN_UNUSED_FUNCTION = YES;
				GCC_WARN_UNUSED_VARIABLE = YES;
				IPHONEOS_DEPLOYMENT_TARGET = 14.1;
				MTL_ENABLE_DEBUG_INFO = INCLUDE_SOURCE;
				MTL_FAST_MATH = YES;
				ONLY_ACTIVE_ARCH = YES;
				SDKROOT = iphoneos;
				SWIFT_ACTIVE_COMPILATION_CONDITIONS = DEBUG;
				SWIFT_OPTIMIZATION_LEVEL = "-Onone";
			};
			name = Debug;
		};
		86855BBC25536C8E002809D1 /* Release */ = {
			isa = XCBuildConfiguration;
			buildSettings = {
				ALWAYS_SEARCH_USER_PATHS = NO;
				CLANG_ANALYZER_NONNULL = YES;
				CLANG_ANALYZER_NUMBER_OBJECT_CONVERSION = YES_AGGRESSIVE;
				CLANG_CXX_LANGUAGE_STANDARD = "gnu++14";
				CLANG_CXX_LIBRARY = "libc++";
				CLANG_ENABLE_MODULES = YES;
				CLANG_ENABLE_OBJC_ARC = YES;
				CLANG_ENABLE_OBJC_WEAK = YES;
				CLANG_WARN_BLOCK_CAPTURE_AUTORELEASING = YES;
				CLANG_WARN_BOOL_CONVERSION = YES;
				CLANG_WARN_COMMA = YES;
				CLANG_WARN_CONSTANT_CONVERSION = YES;
				CLANG_WARN_DEPRECATED_OBJC_IMPLEMENTATIONS = YES;
				CLANG_WARN_DIRECT_OBJC_ISA_USAGE = YES_ERROR;
				CLANG_WARN_DOCUMENTATION_COMMENTS = YES;
				CLANG_WARN_EMPTY_BODY = YES;
				CLANG_WARN_ENUM_CONVERSION = YES;
				CLANG_WARN_INFINITE_RECURSION = YES;
				CLANG_WARN_INT_CONVERSION = YES;
				CLANG_WARN_NON_LITERAL_NULL_CONVERSION = YES;
				CLANG_WARN_OBJC_IMPLICIT_RETAIN_SELF = YES;
				CLANG_WARN_OBJC_LITERAL_CONVERSION = YES;
				CLANG_WARN_OBJC_ROOT_CLASS = YES_ERROR;
				CLANG_WARN_QUOTED_INCLUDE_IN_FRAMEWORK_HEADER = YES;
				CLANG_WARN_RANGE_LOOP_ANALYSIS = YES;
				CLANG_WARN_STRICT_PROTOTYPES = YES;
				CLANG_WARN_SUSPICIOUS_MOVE = YES;
				CLANG_WARN_UNGUARDED_AVAILABILITY = YES_AGGRESSIVE;
				CLANG_WARN_UNREACHABLE_CODE = YES;
				CLANG_WARN__DUPLICATE_METHOD_MATCH = YES;
				COPY_PHASE_STRIP = NO;
				DEBUG_INFORMATION_FORMAT = "dwarf-with-dsym";
				ENABLE_NS_ASSERTIONS = NO;
				ENABLE_STRICT_OBJC_MSGSEND = YES;
				GCC_C_LANGUAGE_STANDARD = gnu11;
				GCC_NO_COMMON_BLOCKS = YES;
				GCC_WARN_64_TO_32_BIT_CONVERSION = YES;
				GCC_WARN_ABOUT_RETURN_TYPE = YES_ERROR;
				GCC_WARN_UNDECLARED_SELECTOR = YES;
				GCC_WARN_UNINITIALIZED_AUTOS = YES_AGGRESSIVE;
				GCC_WARN_UNUSED_FUNCTION = YES;
				GCC_WARN_UNUSED_VARIABLE = YES;
				IPHONEOS_DEPLOYMENT_TARGET = 14.1;
				MTL_ENABLE_DEBUG_INFO = NO;
				MTL_FAST_MATH = YES;
				SDKROOT = iphoneos;
				SWIFT_COMPILATION_MODE = wholemodule;
				SWIFT_OPTIMIZATION_LEVEL = "-O";
				VALIDATE_PRODUCT = YES;
			};
			name = Release;
		};
		86855BBE25536C8E002809D1 /* Debug */ = {
			isa = XCBuildConfiguration;
			buildSettings = {
				ASSETCATALOG_COMPILER_APPICON_NAME = AppIcon;
				ASSETCATALOG_COMPILER_GLOBAL_ACCENT_COLOR_NAME = AccentColor;
				CODE_SIGN_STYLE = Automatic;
				DEVELOPMENT_TEAM = 2WP5X762NJ;
				INFOPLIST_FILE = "Movie Database/Resources/Info.plist";
				IPHONEOS_DEPLOYMENT_TARGET = 13.0;
				LD_RUNPATH_SEARCH_PATHS = (
					"$(inherited)",
					"@executable_path/Frameworks",
				);
				PRODUCT_BUNDLE_IDENTIFIER = "jax.Movie-Database";
				PRODUCT_NAME = "$(TARGET_NAME)";
				SWIFT_VERSION = 5.0;
				TARGETED_DEVICE_FAMILY = 1;
			};
			name = Debug;
		};
		86855BBF25536C8E002809D1 /* Release */ = {
			isa = XCBuildConfiguration;
			buildSettings = {
				ASSETCATALOG_COMPILER_APPICON_NAME = AppIcon;
				ASSETCATALOG_COMPILER_GLOBAL_ACCENT_COLOR_NAME = AccentColor;
				CODE_SIGN_STYLE = Automatic;
				DEVELOPMENT_TEAM = 2WP5X762NJ;
				INFOPLIST_FILE = "Movie Database/Resources/Info.plist";
				IPHONEOS_DEPLOYMENT_TARGET = 13.0;
				LD_RUNPATH_SEARCH_PATHS = (
					"$(inherited)",
					"@executable_path/Frameworks",
				);
				PRODUCT_BUNDLE_IDENTIFIER = "jax.Movie-Database";
				PRODUCT_NAME = "$(TARGET_NAME)";
				SWIFT_VERSION = 5.0;
				TARGETED_DEVICE_FAMILY = 1;
			};
			name = Release;
		};
		86855BC125536C8E002809D1 /* Debug */ = {
			isa = XCBuildConfiguration;
			buildSettings = {
				ALWAYS_EMBED_SWIFT_STANDARD_LIBRARIES = YES;
				BUNDLE_LOADER = "$(TEST_HOST)";
				CODE_SIGN_STYLE = Automatic;
				DEVELOPMENT_TEAM = 2WP5X762NJ;
				INFOPLIST_FILE = "Movie DatabaseTests/Info.plist";
				IPHONEOS_DEPLOYMENT_TARGET = 14.1;
				LD_RUNPATH_SEARCH_PATHS = (
					"$(inherited)",
					"@executable_path/Frameworks",
					"@loader_path/Frameworks",
				);
				PRODUCT_BUNDLE_IDENTIFIER = "jax.Movie-DatabaseTests";
				PRODUCT_NAME = "$(TARGET_NAME)";
				SWIFT_VERSION = 5.0;
				TARGETED_DEVICE_FAMILY = "1,2";
				TEST_HOST = "$(BUILT_PRODUCTS_DIR)/Movie Database.app/Movie Database";
			};
			name = Debug;
		};
		86855BC225536C8E002809D1 /* Release */ = {
			isa = XCBuildConfiguration;
			buildSettings = {
				ALWAYS_EMBED_SWIFT_STANDARD_LIBRARIES = YES;
				BUNDLE_LOADER = "$(TEST_HOST)";
				CODE_SIGN_STYLE = Automatic;
				DEVELOPMENT_TEAM = 2WP5X762NJ;
				INFOPLIST_FILE = "Movie DatabaseTests/Info.plist";
				IPHONEOS_DEPLOYMENT_TARGET = 14.1;
				LD_RUNPATH_SEARCH_PATHS = (
					"$(inherited)",
					"@executable_path/Frameworks",
					"@loader_path/Frameworks",
				);
				PRODUCT_BUNDLE_IDENTIFIER = "jax.Movie-DatabaseTests";
				PRODUCT_NAME = "$(TARGET_NAME)";
				SWIFT_VERSION = 5.0;
				TARGETED_DEVICE_FAMILY = "1,2";
				TEST_HOST = "$(BUILT_PRODUCTS_DIR)/Movie Database.app/Movie Database";
			};
			name = Release;
		};
		86855BC425536C8E002809D1 /* Debug */ = {
			isa = XCBuildConfiguration;
			buildSettings = {
				ALWAYS_EMBED_SWIFT_STANDARD_LIBRARIES = YES;
				CODE_SIGN_STYLE = Automatic;
				DEVELOPMENT_TEAM = 2WP5X762NJ;
				INFOPLIST_FILE = "Movie DatabaseUITests/Info.plist";
				LD_RUNPATH_SEARCH_PATHS = (
					"$(inherited)",
					"@executable_path/Frameworks",
					"@loader_path/Frameworks",
				);
				PRODUCT_BUNDLE_IDENTIFIER = "jax.Movie-DatabaseUITests";
				PRODUCT_NAME = "$(TARGET_NAME)";
				SWIFT_VERSION = 5.0;
				TARGETED_DEVICE_FAMILY = "1,2";
				TEST_TARGET_NAME = "Movie Database";
			};
			name = Debug;
		};
		86855BC525536C8E002809D1 /* Release */ = {
			isa = XCBuildConfiguration;
			buildSettings = {
				ALWAYS_EMBED_SWIFT_STANDARD_LIBRARIES = YES;
				CODE_SIGN_STYLE = Automatic;
				DEVELOPMENT_TEAM = 2WP5X762NJ;
				INFOPLIST_FILE = "Movie DatabaseUITests/Info.plist";
				LD_RUNPATH_SEARCH_PATHS = (
					"$(inherited)",
					"@executable_path/Frameworks",
					"@loader_path/Frameworks",
				);
				PRODUCT_BUNDLE_IDENTIFIER = "jax.Movie-DatabaseUITests";
				PRODUCT_NAME = "$(TARGET_NAME)";
				SWIFT_VERSION = 5.0;
				TARGETED_DEVICE_FAMILY = "1,2";
				TEST_TARGET_NAME = "Movie Database";
			};
			name = Release;
		};
/* End XCBuildConfiguration section */

/* Begin XCConfigurationList section */
		86855B8E25536C8D002809D1 /* Build configuration list for PBXProject "Movie Database" */ = {
			isa = XCConfigurationList;
			buildConfigurations = (
				86855BBB25536C8E002809D1 /* Debug */,
				86855BBC25536C8E002809D1 /* Release */,
			);
			defaultConfigurationIsVisible = 0;
			defaultConfigurationName = Release;
		};
		86855BBD25536C8E002809D1 /* Build configuration list for PBXNativeTarget "Movie Database" */ = {
			isa = XCConfigurationList;
			buildConfigurations = (
				86855BBE25536C8E002809D1 /* Debug */,
				86855BBF25536C8E002809D1 /* Release */,
			);
			defaultConfigurationIsVisible = 0;
			defaultConfigurationName = Release;
		};
		86855BC025536C8E002809D1 /* Build configuration list for PBXNativeTarget "Movie DatabaseTests" */ = {
			isa = XCConfigurationList;
			buildConfigurations = (
				86855BC125536C8E002809D1 /* Debug */,
				86855BC225536C8E002809D1 /* Release */,
			);
			defaultConfigurationIsVisible = 0;
			defaultConfigurationName = Release;
		};
		86855BC325536C8E002809D1 /* Build configuration list for PBXNativeTarget "Movie DatabaseUITests" */ = {
			isa = XCConfigurationList;
			buildConfigurations = (
				86855BC425536C8E002809D1 /* Debug */,
				86855BC525536C8E002809D1 /* Release */,
			);
			defaultConfigurationIsVisible = 0;
			defaultConfigurationName = Release;
		};
/* End XCConfigurationList section */
	};
	rootObject = 86855B8B25536C8D002809D1 /* Project object */;
}
